
Microsoft Visual Studio Solution File, Format Version 12.00
# Visual Studio Version 17
VisualStudioVersion = 17.1.32319.34
MinimumVisualStudioVersion = 10.0.40219.1
Project("{FAE04EC0-301F-11D3-BF4B-00C04F79EFBC}") = "Lottery", "Lottery\Lottery.csproj", "{786680A1-3C93-49B8-A755-D802E2B54FA7}"
EndProject
Global
	GlobalSection(SolutionConfigurationPlatforms) = preSolution
		Debug|Any CPU = Debug|Any CPU
		Release|Any CPU = Release|Any CPU
	EndGlobalSection
	GlobalSection(ProjectConfigurationPlatforms) = postSolution
		{786680A1-3C93-49B8-A755-D802E2B54FA7}.Debug|Any CPU.ActiveCfg = Debug|Any CPU
		{786680A1-3C93-49B8-A755-D802E2B54FA7}.Debug|Any CPU.Build.0 = Debug|Any CPU
		{786680A1-3C93-49B8-A755-D802E2B54FA7}.Release|Any CPU.ActiveCfg = Release|Any CPU
		{786680A1-3C93-49B8-A755-D802E2B54FA7}.Release|Any CPU.Build.0 = Release|Any CPU
	EndGlobalSection
	GlobalSection(SolutionProperties) = preSolution
		HideSolutionNode = FALSE
	EndGlobalSection
	GlobalSection(ExtensibilityGlobals) = postSolution
		SolutionGuid = {0CD8AE2E-84E2-44F9-8E6D-F5D95CA6077D}
	EndGlobalSection
EndGlobal
